
Microsoft Visual Studio Solution File, Format Version 12.00
# Visual Studio Version 17
VisualStudioVersion = 17.2.32630.192
MinimumVisualStudioVersion = 10.0.40219.1
Project("{FAE04EC0-301F-11D3-BF4B-00C04F79EFBC}") = "DataStructureDemo", "DataStructureDemo\DataStructureDemo.csproj", "{2756101B-6409-4933-8004-CF20110B57AE}"
EndProject
Global
	GlobalSection(SolutionConfigurationPlatforms) = preSolution
		Debug|Any CPU = Debug|Any CPU
		Release|Any CPU = Release|Any CPU
	EndGlobalSection
	GlobalSection(ProjectConfigurationPlatforms) = postSolution
		{2756101B-6409-4933-8004-CF20110B57AE}.Debug|Any CPU.ActiveCfg = Debug|Any CPU
		{2756101B-6409-4933-8004-CF20110B57AE}.Debug|Any CPU.Build.0 = Debug|Any CPU
		{2756101B-6409-4933-8004-CF20110B57AE}.Release|Any CPU.ActiveCfg = Release|Any CPU
		{2756101B-6409-4933-8004-CF20110B57AE}.Release|Any CPU.Build.0 = Release|Any CPU
	EndGlobalSection
	GlobalSection(SolutionProperties) = preSolution
		HideSolutionNode = FALSE
	EndGlobalSection
	GlobalSection(ExtensibilityGlobals) = postSolution
		SolutionGuid = {D25F2C1D-D842-4539-BBFA-193604451853}
	EndGlobalSection
EndGlobal
